
Microsoft Visual Studio Solution File, Format Version 12.00
# Visual Studio Version 17
VisualStudioVersion = 17.14.36310.24 d17.14
MinimumVisualStudioVersion = 10.0.40219.1
Project("{FAE04EC0-301F-11D3-BF4B-00C04F79EFBC}") = "Software", "Software\Software.csproj", "{EA25FA8D-7F53-4550-B69A-4C09668F33B5}"
EndProject
Global
	GlobalSection(SolutionConfigurationPlatforms) = preSolution
		Debug|Any CPU = Debug|Any CPU
		Release|Any CPU = Release|Any CPU
	EndGlobalSection
	GlobalSection(ProjectConfigurationPlatforms) = postSolution
		{EA25FA8D-7F53-4550-B69A-4C09668F33B5}.Debug|Any CPU.ActiveCfg = Debug|Any CPU
		{EA25FA8D-7F53-4550-B69A-4C09668F33B5}.Debug|Any CPU.Build.0 = Debug|Any CPU
		{EA25FA8D-7F53-4550-B69A-4C09668F33B5}.Release|Any CPU.ActiveCfg = Release|Any CPU
		{EA25FA8D-7F53-4550-B69A-4C09668F33B5}.Release|Any CPU.Build.0 = Release|Any CPU
	EndGlobalSection
	GlobalSection(SolutionProperties) = preSolution
		HideSolutionNode = FALSE
	EndGlobalSection
	GlobalSection(ExtensibilityGlobals) = postSolution
		SolutionGuid = {669020CD-A37D-4742-8C45-D63B155C8564}
	EndGlobalSection
EndGlobal
